{
  "name": "fdc3-agent-proxy-test-features",
  "version": "1.0.0",
  "lockfileVersion": 3,
  "requires": true,
  "packages": {
    "": {
      "name": "fdc3-agent-proxy-test-features",
      "version": "1.0.0",
      "license": "Apache-2.0",
      "dependencies": {
        "@finos/fdc3-agent-proxy": "3.0.0-alpha.5"
      }
    },
    "node_modules/@finos/fdc3-agent-proxy": {
      "version": "3.0.0-alpha.5",
      "resolved": "https://registry.npmjs.org/@finos/fdc3-agent-proxy/-/fdc3-agent-proxy-3.0.0-alpha.5.tgz",
      "integrity": "sha512-//ra2DNNtCa0n25GO5maoWhsL4PjwjQ7aIi1GONKYpvS+sKAsRoW/J5ZrrI/vfnL4UFxR8X/fajbiVqW9Fv01A==",
      "license": "Apache-2.0",
      "dependencies": {
        "@finos/fdc3-schema": "3.0.0-alpha.5",
        "@finos/fdc3-standard": "3.0.0-alpha.5"
      },
      "engines": {
        "node": ">=22"
      }
    },
    "node_modules/@finos/fdc3-context": {
      "version": "3.0.0-alpha.5",
      "resolved": "https://registry.npmjs.org/@finos/fdc3-context/-/fdc3-context-3.0.0-alpha.5.tgz",
      "integrity": "sha512-VN2LEmWvqLz4xsfXEsqcMNJjxD97/oyh7uPOwHmapoIuc0aW0YS9750tbcCf9GqC3XKnaca+itSW+rhlStJNvA==",
      "license": "Apache-2.0",
      "engines": {
        "node": ">=22"
      }
    },
    "node_modules/@finos/fdc3-schema": {
      "version": "3.0.0-alpha.5",
      "resolved": "https://registry.npmjs.org/@finos/fdc3-schema/-/fdc3-schema-3.0.0-alpha.5.tgz",
      "integrity": "sha512-LAKu4HEpQ+UNDco/1ehObiO+QqHoOmGFCP8dk5EerA/2XL0ki6bTFoM0E9ZaGeOQcxz9ifRAJrRDiiYzVi21Bg==",
      "license": "Apache-2.0",
      "engines": {
        "node": ">=22"
      }
    },
    "node_modules/@finos/fdc3-standard": {
      "version": "3.0.0-alpha.5",
      "resolved": "https://registry.npmjs.org/@finos/fdc3-standard/-/fdc3-standard-3.0.0-alpha.5.tgz",
      "integrity": "sha512-lO9mv61xzimg+uTTBrFodsoF46ve/bAhRJAIcfFowLRz7QohX5M50Gp0zsU1ORLoCTK5jn/TmhyPB/8RR4fIjA==",
      "license": "Apache-2.0",
      "dependencies": {
        "@finos/fdc3-context": "3.0.0-alpha.5"
      },
      "engines": {
        "node": ">=22"
      }
    }
  }
}
