{
  "name": "fdc3-agent-proxy-test-features",
  "version": "1.0.0",
  "lockfileVersion": 3,
  "requires": true,
  "packages": {
    "": {
      "name": "fdc3-agent-proxy-test-features",
      "version": "1.0.0",
      "license": "Apache-2.0",
      "dependencies": {
        "@finos/fdc3-agent-proxy": "3.0.0-alpha.4"
      }
    },
    "node_modules/@finos/fdc3-agent-proxy": {
      "version": "3.0.0-alpha.4",
      "resolved": "https://registry.npmjs.org/@finos/fdc3-agent-proxy/-/fdc3-agent-proxy-3.0.0-alpha.4.tgz",
      "integrity": "sha512-EyzrdtvP+s5obEP7ukmyxpuHxxeQuGsSPMd4QG5lqx2hqiTrb512U6qyjVUFTNvWQoWPDKnoulQnKD9nqVAVEg==",
      "license": "Apache-2.0",
      "dependencies": {
        "@finos/fdc3-schema": "3.0.0-alpha.4",
        "@finos/fdc3-standard": "3.0.0-alpha.4"
      },
      "engines": {
        "node": ">=22"
      }
    },
    "node_modules/@finos/fdc3-context": {
      "version": "3.0.0-alpha.4",
      "resolved": "https://registry.npmjs.org/@finos/fdc3-context/-/fdc3-context-3.0.0-alpha.4.tgz",
      "integrity": "sha512-XTlZBqah/XvAL7Q73c0l3s2penjembqYDMb0QcLQi8BgTL/jTgPu2GQLQmUPDpaAkejsDvl1WJHVfhWEiOoZ0Q==",
      "license": "Apache-2.0",
      "engines": {
        "node": ">=22"
      }
    },
    "node_modules/@finos/fdc3-schema": {
      "version": "3.0.0-alpha.4",
      "resolved": "https://registry.npmjs.org/@finos/fdc3-schema/-/fdc3-schema-3.0.0-alpha.4.tgz",
      "integrity": "sha512-N3IY7W2tEjf+27n48HKuFknLPAyE5jOQH9s2pUofSG5E475Ye3Pfd66SLGd/j71L/NkBbRVakVnmP9MXNny7Ow==",
      "license": "Apache-2.0",
      "engines": {
        "node": ">=22"
      }
    },
    "node_modules/@finos/fdc3-standard": {
      "version": "3.0.0-alpha.4",
      "resolved": "https://registry.npmjs.org/@finos/fdc3-standard/-/fdc3-standard-3.0.0-alpha.4.tgz",
      "integrity": "sha512-5GkxHmOPrtjvtZ6OBjHfDk5Ws8GCbb9hkrOMSrpFYS/kY5d64uRjOmdASy4yJaBB64IjC623m/+RI2oSoibiCw==",
      "license": "Apache-2.0",
      "dependencies": {
        "@finos/fdc3-context": "3.0.0-alpha.4"
      },
      "engines": {
        "node": ">=22"
      }
    }
  }
}
